// !$*UTF8*$!
{
	archiveVersion = 1;
	classes = {
	};
	objectVersion = 48;
	objects = {

/* Begin PBXBuildFile section */
		3DC2CF9420723413008F20D5 /* AppDelegate.m in Sources */ = {isa = PBXBuildFile; fileRef = 3DC2CF9320723413008F20D5 /* AppDelegate.m */; };
		3DC2CF9720723413008F20D5 /* FirstViewController.m in Sources */ = {isa = PBXBuildFile; fileRef = 3DC2CF9620723413008F20D5 /* FirstViewController.m */; };
		3DC2CF9A20723413008F20D5 /* SecondViewController.m in Sources */ = {isa = PBXBuildFile; fileRef = 3DC2CF9920723413008F20D5 /* SecondViewController.m */; };
		3DC2CF9D20723413008F20D5 /* Main.storyboard in Resources */ = {isa = PBXBuildFile; fileRef = 3DC2CF9B20723413008F20D5 /* Main.storyboard */; };
		3DC2CF9F20723413008F20D5 /* Assets.xcassets in Resources */ = {isa = PBXBuildFile; fileRef = 3DC2CF9E20723413008F20D5 /* Assets.xcassets */; };
		3DC2CFA220723413008F20D5 /* LaunchScreen.storyboard in Resources */ = {isa = PBXBuildFile; fileRef = 3DC2CFA020723413008F20D5 /* LaunchScreen.storyboard */; };
		3DC2CFA520723413008F20D5 /* main.m in Sources */ = {isa = PBXBuildFile; fileRef = 3DC2CFA420723413008F20D5 /* main.m */; };
/* End PBXBuildFile section */

/* Begin PBXFileReference section */
		3DC2CF8F20723413008F20D5 /* iToolkit.app */ = {isa = PBXFileReference; explicitFileType = wrapper.application; includeInIndex = 0; path = iToolkit.app; sourceTree = BUILT_PRODUCTS_DIR; };
		3DC2CF9220723413008F20D5 /* AppDelegate.h */ = {isa = PBXFileReference; lastKnownFileType = sourcecode.c.h; path = AppDelegate.h; sourceTree = "<group>"; };
		3DC2CF9320723413008F20D5 /* AppDelegate.m */ = {isa = PBXFileReference; lastKnownFileType = sourcecode.c.objc; path = AppDelegate.m; sourceTree = "<group>"; };
		3DC2CF9520723413008F20D5 /* FirstViewController.h */ = {isa = PBXFileReference; lastKnownFileType = sourcecode.c.h; path = FirstViewController.h; sourceTree = "<group>"; };
		3DC2CF9620723413008F20D5 /* FirstViewController.m */ = {isa = PBXFileReference; lastKnownFileType = sourcecode.c.objc; path = FirstViewController.m; sourceTree = "<group>"; };
		3DC2CF9820723413008F20D5 /* SecondViewController.h */ = {isa = PBXFileReference; lastKnownFileType = sourcecode.c.h; path = SecondViewController.h; sourceTree = "<group>"; };
		3DC2CF9920723413008F20D5 /* SecondViewController.m */ = {isa = PBXFileReference; lastKnownFileType = sourcecode.c.objc; path = SecondViewController.m; sourceTree = "<group>"; };
		3DC2CF9C20723413008F20D5 /* Base */ = {isa = PBXFileReference; lastKnownFileType = file.storyboard; name = Base; path = Base.lproj/Main.storyboard; sourceTree = "<group>"; };
		3DC2CF9E20723413008F20D5 /* Assets.xcassets */ = {isa = PBXFileReference; lastKnownFileType = folder.assetcatalog; path = Assets.xcassets; sourceTree = "<group>"; };
		3DC2CFA120723413008F20D5 /* Base */ = {isa = PBXFileReference; lastKnownFileType = file.storyboard; name = Base; path = Base.lproj/LaunchScreen.storyboard; sourceTree = "<group>"; };
		3DC2CFA320723413008F20D5 /* Info.plist */ = {isa = PBXFileReference; lastKnownFileType = text.plist.xml; path = Info.plist; sourceTree = "<group>"; };
		3DC2CFA420723413008F20D5 /* main.m */ = {isa = PBXFileReference; lastKnownFileType = sourcecode.c.objc; path = main.m; sourceTree = "<group>"; };
/* End PBXFileReference section */

/* Begin PBXFrameworksBuildPhase section */
		3DC2CF8C20723413008F20D5 /* Frameworks */ = {
			isa = PBXFrameworksBuildPhase;
			buildActionMask = 2147483647;
			files = (
			);
			runOnlyForDeploymentPostprocessing = 0;
		};
/* End PBXFrameworksBuildPhase section */

/* Begin PBXGroup section */
		3DC2CF8620723413008F20D5 = {
			isa = PBXGroup;
			children = (
				3DC2CF9120723413008F20D5 /* iToolkit */,
				3DC2CF9020723413008F20D5 /* Products */,
			);
			sourceTree = "<group>";
		};
		3DC2CF9020723413008F20D5 /* Products */ = {
			isa = PBXGroup;
			children = (
				3DC2CF8F20723413008F20D5 /* iToolkit.app */,
			);
			name = Products;
			sourceTree = "<group>";
		};
		3DC2CF9120723413008F20D5 /* iToolkit */ = {
			isa = PBXGroup;
			children = (
				3DC2CF9220723413008F20D5 /* AppDelegate.h */,
				3DC2CF9320723413008F20D5 /* AppDelegate.m */,
				3DC2CF9520723413008F20D5 /* FirstViewController.h */,
				3DC2CF9620723413008F20D5 /* FirstViewController.m */,
				3DC2CF9820723413008F20D5 /* SecondViewController.h */,
				3DC2CF9920723413008F20D5 /* SecondViewController.m */,
				3DC2CF9B20723413008F20D5 /* Main.storyboard */,
				3DC2CF9E20723413008F20D5 /* Assets.xcassets */,
				3DC2CFA020723413008F20D5 /* LaunchScreen.storyboard */,
				3DC2CFA320723413008F20D5 /* Info.plist */,
				3DC2CFA420723413008F20D5 /* main.m */,
			);
			path = iToolkit;
			sourceTree = "<group>";
		};
/* End PBXGroup section */

/* Begin PBXNativeTarget section */
		3DC2CF8E20723413008F20D5 /* iToolkit */ = {
			isa = PBXNativeTarget;
			buildConfigurationList = 3DC2CFA820723413008F20D5 /* Build configuration list for PBXNativeTarget "iToolkit" */;
			buildPhases = (
				3DC2CF8B20723413008F20D5 /* Sources */,
				3DC2CF8C20723413008F20D5 /* Frameworks */,
				3DC2CF8D20723413008F20D5 /* Resources */,
			);
			buildRules = (
			);
			dependencies = (
			);
			name = iToolkit;
			productName = iToolkit;
			productReference = 3DC2CF8F20723413008F20D5 /* iToolkit.app */;
			productType = "com.apple.product-type.application";
		};
/* End PBXNativeTarget section */

/* Begin PBXProject section */
		3DC2CF8720723413008F20D5 /* Project object */ = {
			isa = PBXProject;
			attributes = {
				LastUpgradeCheck = 0920;
				ORGANIZATIONNAME = "Nils Durner";
				TargetAttributes = {
					3DC2CF8E20723413008F20D5 = {
						CreatedOnToolsVersion = 9.2;
						ProvisioningStyle = Automatic;
					};
				};
			};
			buildConfigurationList = 3DC2CF8A20723413008F20D5 /* Build configuration list for PBXProject "iToolkit" */;
			compatibilityVersion = "Xcode 8.0";
			developmentRegion = en;
			hasScannedForEncodings = 0;
			knownRegions = (
				en,
				Base,
			);
			mainGroup = 3DC2CF8620723413008F20D5;
			productRefGroup = 3DC2CF9020723413008F20D5 /* Products */;
			projectDirPath = "";
			projectRoot = "";
			targets = (
				3DC2CF8E20723413008F20D5 /* iToolkit */,
			);
		};
/* End PBXProject section */

/* Begin PBXResourcesBuildPhase section */
		3DC2CF8D20723413008F20D5 /* Resources */ = {
			isa = PBXResourcesBuildPhase;
			buildActionMask = 2147483647;
			files = (
				3DC2CFA220723413008F20D5 /* LaunchScreen.storyboard in Resources */,
				3DC2CF9F20723413008F20D5 /* Assets.xcassets in Resources */,
				3DC2CF9D20723413008F20D5 /* Main.storyboard in Resources */,
			);
			runOnlyForDeploymentPostprocessing = 0;
		};
/* End PBXResourcesBuildPhase section */

/* Begin PBXSourcesBuildPhase section */
		3DC2CF8B20723413008F20D5 /* Sources */ = {
			isa = PBXSourcesBuildPhase;
			buildActionMask = 2147483647;
			files = (
				3DC2CF9A20723413008F20D5 /* SecondViewController.m in Sources */,
				3DC2CF9420723413008F20D5 /* AppDelegate.m in Sources */,
				3DC2CFA520723413008F20D5 /* main.m in Sources */,
				3DC2CF9720723413008F20D5 /* FirstViewController.m in Sources */,
			);
			runOnlyForDeploymentPostprocessing = 0;
		};
/* End PBXSourcesBuildPhase section */

/* Begin PBXVariantGroup section */
		3DC2CF9B20723413008F20D5 /* Main.storyboard */ = {
			isa = PBXVariantGroup;
			children = (
				3DC2CF9C20723413008F20D5 /* Base */,
			);
			name = Main.storyboard;
			sourceTree = "<group>";
		};
		3DC2CFA020723413008F20D5 /* LaunchScreen.storyboard */ = {
			isa = PBXVariantGroup;
			children = (
				3DC2CFA120723413008F20D5 /* Base */,
			);
			name = LaunchScreen.storyboard;
			sourceTree = "<group>";
		};
/* End PBXVariantGroup section */

/* Begin XCBuildConfiguration section */
		3DC2CFA620723413008F20D5 /* Debug */ = {
			isa = XCBuildConfiguration;
			buildSettings = {
				ALWAYS_SEARCH_USER_PATHS = NO;
				CLANG_ANALYZER_NONNULL = YES;
				CLANG_ANALYZER_NUMBER_OBJECT_CONVERSION = YES_AGGRESSIVE;
				CLANG_CXX_LANGUAGE_STANDARD = "gnu++14";
				CLANG_CXX_LIBRARY = "libc++";
				CLANG_ENABLE_MODULES = YES;
				CLANG_ENABLE_OBJC_ARC = YES;
				CLANG_WARN_BLOCK_CAPTURE_AUTORELEASING = YES;
				CLANG_WARN_BOOL_CONVERSION = YES;
				CLANG_WARN_COMMA = YES;
				CLANG_WARN_CONSTANT_CONVERSION = YES;
				CLANG_WARN_DIRECT_OBJC_ISA_USAGE = YES_ERROR;
				CLANG_WARN_DOCUMENTATION_COMMENTS = YES;
				CLANG_WARN_EMPTY_BODY = YES;
				CLANG_WARN_ENUM_CONVERSION = YES;
				CLANG_WARN_INFINITE_RECURSION = YES;
				CLANG_WARN_INT_CONVERSION = YES;
				CLANG_WARN_NON_LITERAL_NULL_CONVERSION = YES;
				CLANG_WARN_OBJC_LITERAL_CONVERSION = YES;
				CLANG_WARN_OBJC_ROOT_CLASS = YES_ERROR;
				CLANG_WARN_RANGE_LOOP_ANALYSIS = YES;
				CLANG_WARN_STRICT_PROTOTYPES = YES;
				CLANG_WARN_SUSPICIOUS_MOVE = YES;
				CLANG_WARN_UNGUARDED_AVAILABILITY = YES_AGGRESSIVE;
				CLANG_WARN_UNREACHABLE_CODE = YES;
				CLANG_WARN__DUPLICATE_METHOD_MATCH = YES;
				CODE_SIGN_IDENTITY = "iPhone Developer";
				COPY_PHASE_STRIP = NO;
				DEBUG_INFORMATION_FORMAT = dwarf;
				ENABLE_STRICT_OBJC_MSGSEND = YES;
				ENABLE_TESTABILITY = YES;
				GCC_C_LANGUAGE_STANDARD = gnu11;
				GCC_DYNAMIC_NO_PIC = NO;
				GCC_NO_COMMON_BLOCKS = YES;
				GCC_OPTIMIZATION_LEVEL = 0;
				GCC_PREPROCESSOR_DEFINITIONS = (
					"DEBUG=1",
					"$(inherited)",
				);
				GCC_WARN_64_TO_32_BIT_CONVERSION = YES;
				GCC_WARN_ABOUT_RETURN_TYPE = YES_ERROR;
				GCC_WARN_UNDECLARED_SELECTOR = YES;
				GCC_WARN_UNINITIALIZED_AUTOS = YES_AGGRESSIVE;
				GCC_WARN_UNUSED_FUNCTION = YES;
				GCC_WARN_UNUSED_VARIABLE = YES;
				IPHONEOS_DEPLOYMENT_TARGET = 11.2;
				MTL_ENABLE_DEBUG_INFO = YES;
				ONLY_ACTIVE_ARCH = YES;
				SDKROOT = iphoneos;
			};
			name = Debug;
		};
		3DC2CFA720723413008F20D5 /* Release */ = {
			isa = XCBuildConfiguration;
			buildSettings = {
				ALWAYS_SEARCH_USER_PATHS = NO;
				CLANG_ANALYZER_NONNULL = YES;
				CLANG_ANALYZER_NUMBER_OBJECT_CONVERSION = YES_AGGRESSIVE;
				CLANG_CXX_LANGUAGE_STANDARD = "gnu++14";
				CLANG_CXX_LIBRARY = "libc++";
				CLANG_ENABLE_MODULES = YES;
				CLANG_ENABLE_OBJC_ARC = YES;
				CLANG_WARN_BLOCK_CAPTURE_AUTORELEASING = YES;
				CLANG_WARN_BOOL_CONVERSION = YES;
				CLANG_WARN_COMMA = YES;
				CLANG_WARN_CONSTANT_CONVERSION = YES;
				CLANG_WARN_DIRECT_OBJC_ISA_USAGE = YES_ERROR;
				CLANG_WARN_DOCUMENTATION_COMMENTS = YES;
				CLANG_WARN_EMPTY_BODY = YES;
				CLANG_WARN_ENUM_CONVERSION = YES;
				CLANG_WARN_INFINITE_RECURSION = YES;
				CLANG_WARN_INT_CONVERSION = YES;
				CLANG_WARN_NON_LITERAL_NULL_CONVERSION = YES;
				CLANG_WARN_OBJC_LITERAL_CONVERSION = YES;
				CLANG_WARN_OBJC_ROOT_CLASS = YES_ERROR;
				CLANG_WARN_RANGE_LOOP_ANALYSIS = YES;
				CLANG_WARN_STRICT_PROTOTYPES = YES;
				CLANG_WARN_SUSPICIOUS_MOVE = YES;
				CLANG_WARN_UNGUARDED_AVAILABILITY = YES_AGGRESSIVE;
				CLANG_WARN_UNREACHABLE_CODE = YES;
				CLANG_WARN__DUPLICATE_METHOD_MATCH = YES;
				CODE_SIGN_IDENTITY = "iPhone Developer";
				COPY_PHASE_STRIP = NO;
				DEBUG_INFORMATION_FORMAT = "dwarf-with-dsym";
				ENABLE_NS_ASSERTIONS = NO;
				ENABLE_STRICT_OBJC_MSGSEND = YES;
				GCC_C_LANGUAGE_STANDARD = gnu11;
				GCC_NO_COMMON_BLOCKS = YES;
				GCC_WARN_64_TO_32_BIT_CONVERSION = YES;
				GCC_WARN_ABOUT_RETURN_TYPE = YES_ERROR;
				GCC_WARN_UNDECLARED_SELECTOR = YES;
				GCC_WARN_UNINITIALIZED_AUTOS = YES_AGGRESSIVE;
				GCC_WARN_UNUSED_FUNCTION = YES;
				GCC_WARN_UNUSED_VARIABLE = YES;
				IPHONEOS_DEPLOYMENT_TARGET = 11.2;
				MTL_ENABLE_DEBUG_INFO = NO;
				SDKROOT = iphoneos;
				VALIDATE_PRODUCT = YES;
			};
			name = Release;
		};
		3DC2CFA920723413008F20D5 /* Debug */ = {
			isa = XCBuildConfiguration;
			buildSettings = {
				ASSETCATALOG_COMPILER_APPICON_NAME = AppIcon;
				CODE_SIGN_STYLE = Automatic;
				INFOPLIST_FILE = iToolkit/Info.plist;
				LD_RUNPATH_SEARCH_PATHS = "$(inherited) @executable_path/Frameworks";
				PRODUCT_BUNDLE_IDENTIFIER = de.ndurner.iToolkit;
				PRODUCT_NAME = "$(TARGET_NAME)";
				TARGETED_DEVICE_FAMILY = "1,2";
			};
			name = Debug;
		};
		3DC2CFAA20723413008F20D5 /* Release */ = {
			isa = XCBuildConfiguration;
			buildSettings = {
				ASSETCATALOG_COMPILER_APPICON_NAME = AppIcon;
				CODE_SIGN_STYLE = Automatic;
				INFOPLIST_FILE = iToolkit/Info.plist;
				LD_RUNPATH_SEARCH_PATHS = "$(inherited) @executable_path/Frameworks";
				PRODUCT_BUNDLE_IDENTIFIER = de.ndurner.iToolkit;
				PRODUCT_NAME = "$(TARGET_NAME)";
				TARGETED_DEVICE_FAMILY = "1,2";
			};
			name = Release;
		};
/* End XCBuildConfiguration section */

/* Begin XCConfigurationList section */
		3DC2CF8A20723413008F20D5 /* Build configuration list for PBXProject "iToolkit" */ = {
			isa = XCConfigurationList;
			buildConfigurations = (
				3DC2CFA620723413008F20D5 /* Debug */,
				3DC2CFA720723413008F20D5 /* Release */,
			);
			defaultConfigurationIsVisible = 0;
			defaultConfigurationName = Release;
		};
		3DC2CFA820723413008F20D5 /* Build configuration list for PBXNativeTarget "iToolkit" */ = {
			isa = XCConfigurationList;
			buildConfigurations = (
				3DC2CFA920723413008F20D5 /* Debug */,
				3DC2CFAA20723413008F20D5 /* Release */,
			);
			defaultConfigurationIsVisible = 0;
			defaultConfigurationName = Release;
		};
/* End XCConfigurationList section */
	};
	rootObject = 3DC2CF8720723413008F20D5 /* Project object */;
}
